
Microsoft Visual Studio Solution File, Format Version 9.00
# Visual Studio 2005
Project("{FAE04EC0-301F-11D3-BF4B-00C04F79EFBC}") = "ezOrg", "ezOrg\ezOrg.csproj", "{578CFF85-B112-4A26-B7A0-725D1100EA15}"
EndProject
Global
	GlobalSection(SolutionConfigurationPlatforms) = preSolution
		Debug|Any CPU = Debug|Any CPU
		Release|Any CPU = Release|Any CPU
	EndGlobalSection
	GlobalSection(ProjectConfigurationPlatforms) = postSolution
		{578CFF85-B112-4A26-B7A0-725D1100EA15}.Debug|Any CPU.ActiveCfg = Debug|Any CPU
		{578CFF85-B112-4A26-B7A0-725D1100EA15}.Debug|Any CPU.Build.0 = Debug|Any CPU
		{578CFF85-B112-4A26-B7A0-725D1100EA15}.Release|Any CPU.ActiveCfg = Release|Any CPU
		{578CFF85-B112-4A26-B7A0-725D1100EA15}.Release|Any CPU.Build.0 = Release|Any CPU
	EndGlobalSection
	GlobalSection(SolutionProperties) = preSolution
		HideSolutionNode = FALSE
	EndGlobalSection
EndGlobal
