
Microsoft Visual Studio Solution File, Format Version 12.00
# Visual Studio Version 16
VisualStudioVersion = 16.0.30804.86
MinimumVisualStudioVersion = 10.0.40219.1
Project("{2150E333-8FDC-42A3-9474-1A3956D46DE8}") = "0-1.WebApi", "0-1.WebApi", "{88026DC8-871D-4A87-A95C-35AFAD256A61}"
EndProject
Project("{2150E333-8FDC-42A3-9474-1A3956D46DE8}") = "1-1.服務", "1-1.服務", "{A4AB0A7D-CEDA-40E0-9E4C-75DB30B77B71}"
EndProject
Project("{2150E333-8FDC-42A3-9474-1A3956D46DE8}") = "1-2.測試", "1-2.測試", "{B3A84439-C08B-4271-9A8C-58612B2CE2BB}"
EndProject
Project("{2150E333-8FDC-42A3-9474-1A3956D46DE8}") = "2-1.邏輯", "2-1.邏輯", "{7C56CF06-9105-4F9F-9F01-86CEC155C98F}"
EndProject
Project("{2150E333-8FDC-42A3-9474-1A3956D46DE8}") = "2-2.資料", "2-2.資料", "{88818B8F-3E01-4091-AFF5-A7BBE1E7CEFB}"
	ProjectSection(SolutionItems) = preProject
		EFCoreReadme.md = EFCoreReadme.md
	EndProjectSection
EndProject
Project("{2150E333-8FDC-42A3-9474-1A3956D46DE8}") = "3-1.DTO", "3-1.DTO", "{8155701B-7D0A-4927-9270-3C6D5ABC97B5}"
EndProject
Project("{2150E333-8FDC-42A3-9474-1A3956D46DE8}") = "3-2.工具", "3-2.工具", "{FAB5473A-8812-4122-8D0E-A4E512F27405}"
EndProject
Project("{9A19103F-16F7-4668-BE54-9A1E7A4F7556}") = "Flow_WebApi", "Flow_WebApi\Flow_WebApi.csproj", "{1FE80E46-E799-4106-92D3-FB9D9BA45F94}"
EndProject
Project("{9A19103F-16F7-4668-BE54-9A1E7A4F7556}") = "JBHRIS.Api.Service", "JBHRIS.Api.Service\JBHRIS.Api.Service.csproj", "{325A6680-EBC9-4945-B11E-7F96360AA041}"
EndProject
Project("{9A19103F-16F7-4668-BE54-9A1E7A4F7556}") = "JBHRIS.Api.Dto", "JBHRIS.Api.Dto\JBHRIS.Api.Dto.csproj", "{9D4FD52C-7720-44E2-8682-65EE4497646D}"
EndProject
Project("{9A19103F-16F7-4668-BE54-9A1E7A4F7556}") = "JBHRIS.Api.Dal", "JBHRIS.Api.Dal\JBHRIS.Api.Dal.csproj", "{D30BD2FD-435C-4ED2-81C4-8DD89657228E}"
EndProject
Project("{9A19103F-16F7-4668-BE54-9A1E7A4F7556}") = "JBHRIS.Api.Dal.ezFlow", "JBHRIS.Api.Dal.ezFlow\JBHRIS.Api.Dal.ezFlow.csproj", "{79373B3C-7ACF-49DC-A018-955A98F51FD6}"
EndProject
Project("{9A19103F-16F7-4668-BE54-9A1E7A4F7556}") = "JBHRIS.Api.Tools", "JBHRIS.Api.Tools\JBHRIS.Api.Tools.csproj", "{FF852834-C753-4952-9A64-0BA8B4D85928}"
EndProject
Project("{9A19103F-16F7-4668-BE54-9A1E7A4F7556}") = "ezEngineServices.core", "ezEngineServices.core\ezEngineServices.core.csproj", "{1F442C38-CEB1-4ED3-8F07-A2583C7BC197}"
EndProject
Project("{9A19103F-16F7-4668-BE54-9A1E7A4F7556}") = "JBHRIS.Api.Dal.OldezFlow", "JBHRIS.Api.Dal.OldezFlow\JBHRIS.Api.Dal.OldezFlow.csproj", "{56FF0F3C-F011-4D81-8974-FF0378EDBE8B}"
EndProject
Global
	GlobalSection(SolutionConfigurationPlatforms) = preSolution
		Debug|Any CPU = Debug|Any CPU
		Release|Any CPU = Release|Any CPU
	EndGlobalSection
	GlobalSection(ProjectConfigurationPlatforms) = postSolution
		{1FE80E46-E799-4106-92D3-FB9D9BA45F94}.Debug|Any CPU.ActiveCfg = Debug|Any CPU
		{1FE80E46-E799-4106-92D3-FB9D9BA45F94}.Debug|Any CPU.Build.0 = Debug|Any CPU
		{1FE80E46-E799-4106-92D3-FB9D9BA45F94}.Release|Any CPU.ActiveCfg = Release|Any CPU
		{1FE80E46-E799-4106-92D3-FB9D9BA45F94}.Release|Any CPU.Build.0 = Release|Any CPU
		{325A6680-EBC9-4945-B11E-7F96360AA041}.Debug|Any CPU.ActiveCfg = Debug|Any CPU
		{325A6680-EBC9-4945-B11E-7F96360AA041}.Debug|Any CPU.Build.0 = Debug|Any CPU
		{325A6680-EBC9-4945-B11E-7F96360AA041}.Release|Any CPU.ActiveCfg = Release|Any CPU
		{325A6680-EBC9-4945-B11E-7F96360AA041}.Release|Any CPU.Build.0 = Release|Any CPU
		{9D4FD52C-7720-44E2-8682-65EE4497646D}.Debug|Any CPU.ActiveCfg = Debug|Any CPU
		{9D4FD52C-7720-44E2-8682-65EE4497646D}.Debug|Any CPU.Build.0 = Debug|Any CPU
		{9D4FD52C-7720-44E2-8682-65EE4497646D}.Release|Any CPU.ActiveCfg = Release|Any CPU
		{9D4FD52C-7720-44E2-8682-65EE4497646D}.Release|Any CPU.Build.0 = Release|Any CPU
		{D30BD2FD-435C-4ED2-81C4-8DD89657228E}.Debug|Any CPU.ActiveCfg = Debug|Any CPU
		{D30BD2FD-435C-4ED2-81C4-8DD89657228E}.Debug|Any CPU.Build.0 = Debug|Any CPU
		{D30BD2FD-435C-4ED2-81C4-8DD89657228E}.Release|Any CPU.ActiveCfg = Release|Any CPU
		{D30BD2FD-435C-4ED2-81C4-8DD89657228E}.Release|Any CPU.Build.0 = Release|Any CPU
		{79373B3C-7ACF-49DC-A018-955A98F51FD6}.Debug|Any CPU.ActiveCfg = Debug|Any CPU
		{79373B3C-7ACF-49DC-A018-955A98F51FD6}.Debug|Any CPU.Build.0 = Debug|Any CPU
		{79373B3C-7ACF-49DC-A018-955A98F51FD6}.Release|Any CPU.ActiveCfg = Release|Any CPU
		{79373B3C-7ACF-49DC-A018-955A98F51FD6}.Release|Any CPU.Build.0 = Release|Any CPU
		{FF852834-C753-4952-9A64-0BA8B4D85928}.Debug|Any CPU.ActiveCfg = Debug|Any CPU
		{FF852834-C753-4952-9A64-0BA8B4D85928}.Debug|Any CPU.Build.0 = Debug|Any CPU
		{FF852834-C753-4952-9A64-0BA8B4D85928}.Release|Any CPU.ActiveCfg = Release|Any CPU
		{FF852834-C753-4952-9A64-0BA8B4D85928}.Release|Any CPU.Build.0 = Release|Any CPU
		{1F442C38-CEB1-4ED3-8F07-A2583C7BC197}.Debug|Any CPU.ActiveCfg = Debug|Any CPU
		{1F442C38-CEB1-4ED3-8F07-A2583C7BC197}.Debug|Any CPU.Build.0 = Debug|Any CPU
		{1F442C38-CEB1-4ED3-8F07-A2583C7BC197}.Release|Any CPU.ActiveCfg = Release|Any CPU
		{1F442C38-CEB1-4ED3-8F07-A2583C7BC197}.Release|Any CPU.Build.0 = Release|Any CPU
	EndGlobalSection
	GlobalSection(SolutionProperties) = preSolution
		HideSolutionNode = FALSE
	EndGlobalSection
	GlobalSection(NestedProjects) = preSolution
		{1FE80E46-E799-4106-92D3-FB9D9BA45F94} = {88026DC8-871D-4A87-A95C-35AFAD256A61}
		{325A6680-EBC9-4945-B11E-7F96360AA041} = {A4AB0A7D-CEDA-40E0-9E4C-75DB30B77B71}
		{9D4FD52C-7720-44E2-8682-65EE4497646D} = {8155701B-7D0A-4927-9270-3C6D5ABC97B5}
		{D30BD2FD-435C-4ED2-81C4-8DD89657228E} = {88818B8F-3E01-4091-AFF5-A7BBE1E7CEFB}
		{79373B3C-7ACF-49DC-A018-955A98F51FD6} = {88818B8F-3E01-4091-AFF5-A7BBE1E7CEFB}
		{FF852834-C753-4952-9A64-0BA8B4D85928} = {FAB5473A-8812-4122-8D0E-A4E512F27405}
	EndGlobalSection
	GlobalSection(ExtensibilityGlobals) = postSolution
		SolutionGuid = {C3FAC27C-E078-4BC9-8F5E-62A50826B545}
	EndGlobalSection
EndGlobal
