
Microsoft Visual Studio Solution File, Format Version 12.00
# Visual Studio Version 16
VisualStudioVersion = 16.0.29326.143
MinimumVisualStudioVersion = 10.0.40219.1
Project("{9A19103F-16F7-4668-BE54-9A1E7A4F7556}") = "JBAppService", "JBAppService\JBAppService.csproj", "{D296E6D6-D8B1-430E-A02C-0DC0CFEC1912}"
EndProject
Project("{9A19103F-16F7-4668-BE54-9A1E7A4F7556}") = "JBAppService.Api.Dto", "JBAppService.Api.Dto\JBAppService.Api.Dto.csproj", "{06A4884C-A7A7-4037-BADA-3D8D936998F4}"
EndProject
Project("{9A19103F-16F7-4668-BE54-9A1E7A4F7556}") = "JBAppService.Api.Service", "JBAppService.Api.Service\JBAppService.Api.Service.csproj", "{8031E049-AA00-4A0D-97BE-5EFC2C1D87D3}"
EndProject
Project("{9A19103F-16F7-4668-BE54-9A1E7A4F7556}") = "JBAppService.Api.Tool", "JBAppService.Api.Tool\JBAppService.Api.Tool.csproj", "{93A75692-EF52-4D58-BC4B-46723FCC888B}"
EndProject
Project("{9A19103F-16F7-4668-BE54-9A1E7A4F7556}") = "JBAppService.Api.Dal", "JBAppService.Api.Dal\JBAppService.Api.Dal.csproj", "{14F517A2-7093-4674-AB83-C5CE6CDC76EB}"
EndProject
Global
	GlobalSection(SolutionConfigurationPlatforms) = preSolution
		Debug|Any CPU = Debug|Any CPU
		Release|Any CPU = Release|Any CPU
	EndGlobalSection
	GlobalSection(ProjectConfigurationPlatforms) = postSolution
		{D296E6D6-D8B1-430E-A02C-0DC0CFEC1912}.Debug|Any CPU.ActiveCfg = Debug|Any CPU
		{D296E6D6-D8B1-430E-A02C-0DC0CFEC1912}.Debug|Any CPU.Build.0 = Debug|Any CPU
		{D296E6D6-D8B1-430E-A02C-0DC0CFEC1912}.Release|Any CPU.ActiveCfg = Release|Any CPU
		{D296E6D6-D8B1-430E-A02C-0DC0CFEC1912}.Release|Any CPU.Build.0 = Release|Any CPU
		{06A4884C-A7A7-4037-BADA-3D8D936998F4}.Debug|Any CPU.ActiveCfg = Debug|Any CPU
		{06A4884C-A7A7-4037-BADA-3D8D936998F4}.Debug|Any CPU.Build.0 = Debug|Any CPU
		{06A4884C-A7A7-4037-BADA-3D8D936998F4}.Release|Any CPU.ActiveCfg = Release|Any CPU
		{06A4884C-A7A7-4037-BADA-3D8D936998F4}.Release|Any CPU.Build.0 = Release|Any CPU
		{8031E049-AA00-4A0D-97BE-5EFC2C1D87D3}.Debug|Any CPU.ActiveCfg = Debug|Any CPU
		{8031E049-AA00-4A0D-97BE-5EFC2C1D87D3}.Debug|Any CPU.Build.0 = Debug|Any CPU
		{8031E049-AA00-4A0D-97BE-5EFC2C1D87D3}.Release|Any CPU.ActiveCfg = Release|Any CPU
		{8031E049-AA00-4A0D-97BE-5EFC2C1D87D3}.Release|Any CPU.Build.0 = Release|Any CPU
		{93A75692-EF52-4D58-BC4B-46723FCC888B}.Debug|Any CPU.ActiveCfg = Debug|Any CPU
		{93A75692-EF52-4D58-BC4B-46723FCC888B}.Debug|Any CPU.Build.0 = Debug|Any CPU
		{93A75692-EF52-4D58-BC4B-46723FCC888B}.Release|Any CPU.ActiveCfg = Release|Any CPU
		{93A75692-EF52-4D58-BC4B-46723FCC888B}.Release|Any CPU.Build.0 = Release|Any CPU
		{14F517A2-7093-4674-AB83-C5CE6CDC76EB}.Debug|Any CPU.ActiveCfg = Debug|Any CPU
		{14F517A2-7093-4674-AB83-C5CE6CDC76EB}.Debug|Any CPU.Build.0 = Debug|Any CPU
		{14F517A2-7093-4674-AB83-C5CE6CDC76EB}.Release|Any CPU.ActiveCfg = Release|Any CPU
		{14F517A2-7093-4674-AB83-C5CE6CDC76EB}.Release|Any CPU.Build.0 = Release|Any CPU
	EndGlobalSection
	GlobalSection(SolutionProperties) = preSolution
		HideSolutionNode = FALSE
	EndGlobalSection
	GlobalSection(ExtensibilityGlobals) = postSolution
		SolutionGuid = {14FE2C4E-D219-4DBA-B2B0-3948F990946D}
	EndGlobalSection
EndGlobal
