
Microsoft Visual Studio Solution File, Format Version 11.00
# Visual Studio 2010
Project("{FAE04EC0-301F-11D3-BF4B-00C04F79EFBC}") = "Dll", "Dll.csproj", "{11B60B33-8897-4D7B-A5A0-CB58E9152CCC}"
EndProject
Project("{FAE04EC0-301F-11D3-BF4B-00C04F79EFBC}") = "TP", "TP\TP.csproj", "{8E0A99B0-21E7-41EF-9C87-35D839DF42DB}"
EndProject
Project("{2150E333-8FDC-42A3-9474-1A3956D46DE8}") = "Solution Items", "Solution Items", "{3E413879-3265-437B-9607-E44C960144AE}"
	ProjectSection(SolutionItems) = preProject
		Dll2.vsmdi = Dll2.vsmdi
		Local.testsettings = Local.testsettings
		TraceAndTestImpact.testsettings = TraceAndTestImpact.testsettings
	EndProjectSection
EndProject
Project("{FAE04EC0-301F-11D3-BF4B-00C04F79EFBC}") = "Dal", "..\Dal\Dal.csproj", "{BB2DD79D-898B-420D-91FE-FAA25F025B75}"
EndProject
Project("{FAE04EC0-301F-11D3-BF4B-00C04F79EFBC}") = "JBModule.Message", "..\..\..\..\Standard\JBMODULE.MESSAGE\JBModule.Message.csproj", "{B94796B3-CEDB-4083-95AD-E94EC30D15D5}"
EndProject
Project("{FAE04EC0-301F-11D3-BF4B-00C04F79EFBC}") = "JBModule.Data", "..\JBMODULE.DATA\JBModule.Data.Linq\JBModule.Data.csproj", "{05DAC84F-258E-41FC-B490-0FCCD4AB15B5}"
EndProject
Project("{FAE04EC0-301F-11D3-BF4B-00C04F79EFBC}") = "JBTools", "..\..\..\..\Standard\JBTools\JBTools.csproj", "{9A891671-4FC7-4DDF-A21D-21E3D563CEE6}"
EndProject
Global
	GlobalSection(TestCaseManagementSettings) = postSolution
		CategoryFile = Dll2.vsmdi
	EndGlobalSection
	GlobalSection(SolutionConfigurationPlatforms) = preSolution
		Debug|Any CPU = Debug|Any CPU
		Release|Any CPU = Release|Any CPU
	EndGlobalSection
	GlobalSection(ProjectConfigurationPlatforms) = postSolution
		{11B60B33-8897-4D7B-A5A0-CB58E9152CCC}.Debug|Any CPU.ActiveCfg = Debug|Any CPU
		{11B60B33-8897-4D7B-A5A0-CB58E9152CCC}.Debug|Any CPU.Build.0 = Debug|Any CPU
		{11B60B33-8897-4D7B-A5A0-CB58E9152CCC}.Release|Any CPU.ActiveCfg = Release|Any CPU
		{11B60B33-8897-4D7B-A5A0-CB58E9152CCC}.Release|Any CPU.Build.0 = Release|Any CPU
		{8E0A99B0-21E7-41EF-9C87-35D839DF42DB}.Debug|Any CPU.ActiveCfg = Debug|Any CPU
		{8E0A99B0-21E7-41EF-9C87-35D839DF42DB}.Debug|Any CPU.Build.0 = Debug|Any CPU
		{8E0A99B0-21E7-41EF-9C87-35D839DF42DB}.Release|Any CPU.ActiveCfg = Release|Any CPU
		{8E0A99B0-21E7-41EF-9C87-35D839DF42DB}.Release|Any CPU.Build.0 = Release|Any CPU
		{BB2DD79D-898B-420D-91FE-FAA25F025B75}.Debug|Any CPU.ActiveCfg = Debug|Any CPU
		{BB2DD79D-898B-420D-91FE-FAA25F025B75}.Debug|Any CPU.Build.0 = Debug|Any CPU
		{BB2DD79D-898B-420D-91FE-FAA25F025B75}.Release|Any CPU.ActiveCfg = Release|Any CPU
		{BB2DD79D-898B-420D-91FE-FAA25F025B75}.Release|Any CPU.Build.0 = Release|Any CPU
		{B94796B3-CEDB-4083-95AD-E94EC30D15D5}.Debug|Any CPU.ActiveCfg = Debug|Any CPU
		{B94796B3-CEDB-4083-95AD-E94EC30D15D5}.Debug|Any CPU.Build.0 = Debug|Any CPU
		{B94796B3-CEDB-4083-95AD-E94EC30D15D5}.Release|Any CPU.ActiveCfg = Release|Any CPU
		{B94796B3-CEDB-4083-95AD-E94EC30D15D5}.Release|Any CPU.Build.0 = Release|Any CPU
		{05DAC84F-258E-41FC-B490-0FCCD4AB15B5}.Debug|Any CPU.ActiveCfg = Debug|Any CPU
		{05DAC84F-258E-41FC-B490-0FCCD4AB15B5}.Debug|Any CPU.Build.0 = Debug|Any CPU
		{05DAC84F-258E-41FC-B490-0FCCD4AB15B5}.Release|Any CPU.ActiveCfg = Release|Any CPU
		{05DAC84F-258E-41FC-B490-0FCCD4AB15B5}.Release|Any CPU.Build.0 = Release|Any CPU
		{9A891671-4FC7-4DDF-A21D-21E3D563CEE6}.Debug|Any CPU.ActiveCfg = Debug|Any CPU
		{9A891671-4FC7-4DDF-A21D-21E3D563CEE6}.Debug|Any CPU.Build.0 = Debug|Any CPU
		{9A891671-4FC7-4DDF-A21D-21E3D563CEE6}.Release|Any CPU.ActiveCfg = Release|Any CPU
		{9A891671-4FC7-4DDF-A21D-21E3D563CEE6}.Release|Any CPU.Build.0 = Release|Any CPU
	EndGlobalSection
	GlobalSection(SolutionProperties) = preSolution
		HideSolutionNode = FALSE
	EndGlobalSection
EndGlobal
