
Microsoft Visual Studio Solution File, Format Version 9.00
# Visual Studio 2005
Project("{FAE04EC0-301F-11D3-BF4B-00C04F79EFBC}") = "ConfigUpdate", "ConfigUpdate\ConfigUpdate.csproj", "{1C41C10C-270D-47AC-8C2D-6413D9711664}"
EndProject
Global
	GlobalSection(SolutionConfigurationPlatforms) = preSolution
		Debug|Any CPU = Debug|Any CPU
		Release|Any CPU = Release|Any CPU
	EndGlobalSection
	GlobalSection(ProjectConfigurationPlatforms) = postSolution
		{1C41C10C-270D-47AC-8C2D-6413D9711664}.Debug|Any CPU.ActiveCfg = Debug|Any CPU
		{1C41C10C-270D-47AC-8C2D-6413D9711664}.Debug|Any CPU.Build.0 = Debug|Any CPU
		{1C41C10C-270D-47AC-8C2D-6413D9711664}.Release|Any CPU.ActiveCfg = Release|Any CPU
		{1C41C10C-270D-47AC-8C2D-6413D9711664}.Release|Any CPU.Build.0 = Release|Any CPU
	EndGlobalSection
	GlobalSection(SolutionProperties) = preSolution
		HideSolutionNode = FALSE
	EndGlobalSection
EndGlobal
