
Microsoft Visual Studio Solution File, Format Version 12.00
# Visual Studio 2013
VisualStudioVersion = 12.0.40629.0
MinimumVisualStudioVersion = 10.0.40219.1
Project("{FAE04EC0-301F-11D3-BF4B-00C04F79EFBC}") = "JBModule", "..\..\..\..\Standard\JBModule\JBModule\JBModule.csproj", "{DBE7BF84-0030-418D-981D-30D7C4F6FF3A}"
EndProject
Project("{FAE04EC0-301F-11D3-BF4B-00C04F79EFBC}") = "JBControls", "..\..\..\..\Standard\JBControls\JBControls\JBControls.csproj", "{F8B6389A-31D9-420E-8331-C18AA2562D0E}"
EndProject
Project("{FAE04EC0-301F-11D3-BF4B-00C04F79EFBC}") = "JBTools", "..\..\..\..\Standard\JBTools\JBTools.csproj", "{9A891671-4FC7-4DDF-A21D-21E3D563CEE6}"
EndProject
Project("{FAE04EC0-301F-11D3-BF4B-00C04F79EFBC}") = "JBModule.Data", "..\..\元件\JBMODULE.DATA\JBModule.Data.Linq\JBModule.Data.csproj", "{05DAC84F-258E-41FC-B490-0FCCD4AB15B5}"
EndProject
Project("{FAE04EC0-301F-11D3-BF4B-00C04F79EFBC}") = "JBModule.Message", "..\..\..\..\Standard\JBMODULE.MESSAGE\JBModule.Message.csproj", "{B94796B3-CEDB-4083-95AD-E94EC30D15D5}"
EndProject
Project("{FAE04EC0-301F-11D3-BF4B-00C04F79EFBC}") = "傑報考勤助理系統", "傑報考勤助理系統.csproj", "{4402F638-61C0-4C03-961A-3A6D18C8F6D5}"
EndProject
Project("{FAE04EC0-301F-11D3-BF4B-00C04F79EFBC}") = "Bll", "..\..\..\..\Standard\JbHrDll\Bll\Bll.csproj", "{8CA51909-C65D-4042-9E3E-69821B495B3E}"
EndProject
Project("{FAE04EC0-301F-11D3-BF4B-00C04F79EFBC}") = "Dal", "..\..\元件\Dal\Dal.csproj", "{BB2DD79D-898B-420D-91FE-FAA25F025B75}"
EndProject
Project("{FAE04EC0-301F-11D3-BF4B-00C04F79EFBC}") = "Dll", "..\..\元件\JBHR.DLL\Dll.csproj", "{11B60B33-8897-4D7B-A5A0-CB58E9152CCC}"
EndProject
Project("{FAE04EC0-301F-11D3-BF4B-00C04F79EFBC}") = "JBHR.BLL", "..\..\..\..\Standard\JBHR.BLL\Nylok-JBHR.BLL-Branch\JBHR.BLL.csproj", "{455C5379-E92C-42FE-B1BD-85DA567BD44E}"
EndProject
Global
	GlobalSection(SolutionConfigurationPlatforms) = preSolution
		Debug|Any CPU = Debug|Any CPU
		Debug|Mixed Platforms = Debug|Mixed Platforms
		Debug|x86 = Debug|x86
		Release|Any CPU = Release|Any CPU
		Release|Mixed Platforms = Release|Mixed Platforms
		Release|x86 = Release|x86
	EndGlobalSection
	GlobalSection(ProjectConfigurationPlatforms) = postSolution
		{DBE7BF84-0030-418D-981D-30D7C4F6FF3A}.Debug|Any CPU.ActiveCfg = Debug|Any CPU
		{DBE7BF84-0030-418D-981D-30D7C4F6FF3A}.Debug|Any CPU.Build.0 = Debug|Any CPU
		{DBE7BF84-0030-418D-981D-30D7C4F6FF3A}.Debug|Mixed Platforms.ActiveCfg = Debug|Any CPU
		{DBE7BF84-0030-418D-981D-30D7C4F6FF3A}.Debug|Mixed Platforms.Build.0 = Debug|Any CPU
		{DBE7BF84-0030-418D-981D-30D7C4F6FF3A}.Debug|x86.ActiveCfg = Debug|Any CPU
		{DBE7BF84-0030-418D-981D-30D7C4F6FF3A}.Release|Any CPU.ActiveCfg = Release|Any CPU
		{DBE7BF84-0030-418D-981D-30D7C4F6FF3A}.Release|Any CPU.Build.0 = Release|Any CPU
		{DBE7BF84-0030-418D-981D-30D7C4F6FF3A}.Release|Mixed Platforms.ActiveCfg = Release|Any CPU
		{DBE7BF84-0030-418D-981D-30D7C4F6FF3A}.Release|Mixed Platforms.Build.0 = Release|Any CPU
		{DBE7BF84-0030-418D-981D-30D7C4F6FF3A}.Release|x86.ActiveCfg = Release|Any CPU
		{F8B6389A-31D9-420E-8331-C18AA2562D0E}.Debug|Any CPU.ActiveCfg = Debug|Any CPU
		{F8B6389A-31D9-420E-8331-C18AA2562D0E}.Debug|Any CPU.Build.0 = Debug|Any CPU
		{F8B6389A-31D9-420E-8331-C18AA2562D0E}.Debug|Mixed Platforms.ActiveCfg = Debug|Any CPU
		{F8B6389A-31D9-420E-8331-C18AA2562D0E}.Debug|Mixed Platforms.Build.0 = Debug|Any CPU
		{F8B6389A-31D9-420E-8331-C18AA2562D0E}.Debug|x86.ActiveCfg = Debug|Any CPU
		{F8B6389A-31D9-420E-8331-C18AA2562D0E}.Release|Any CPU.ActiveCfg = Release|Any CPU
		{F8B6389A-31D9-420E-8331-C18AA2562D0E}.Release|Any CPU.Build.0 = Release|Any CPU
		{F8B6389A-31D9-420E-8331-C18AA2562D0E}.Release|Mixed Platforms.ActiveCfg = Release|Any CPU
		{F8B6389A-31D9-420E-8331-C18AA2562D0E}.Release|Mixed Platforms.Build.0 = Release|Any CPU
		{F8B6389A-31D9-420E-8331-C18AA2562D0E}.Release|x86.ActiveCfg = Release|Any CPU
		{9A891671-4FC7-4DDF-A21D-21E3D563CEE6}.Debug|Any CPU.ActiveCfg = Debug|Any CPU
		{9A891671-4FC7-4DDF-A21D-21E3D563CEE6}.Debug|Any CPU.Build.0 = Debug|Any CPU
		{9A891671-4FC7-4DDF-A21D-21E3D563CEE6}.Debug|Mixed Platforms.ActiveCfg = Debug|Any CPU
		{9A891671-4FC7-4DDF-A21D-21E3D563CEE6}.Debug|Mixed Platforms.Build.0 = Debug|Any CPU
		{9A891671-4FC7-4DDF-A21D-21E3D563CEE6}.Debug|x86.ActiveCfg = Debug|Any CPU
		{9A891671-4FC7-4DDF-A21D-21E3D563CEE6}.Release|Any CPU.ActiveCfg = Release|Any CPU
		{9A891671-4FC7-4DDF-A21D-21E3D563CEE6}.Release|Any CPU.Build.0 = Release|Any CPU
		{9A891671-4FC7-4DDF-A21D-21E3D563CEE6}.Release|Mixed Platforms.ActiveCfg = Release|Any CPU
		{9A891671-4FC7-4DDF-A21D-21E3D563CEE6}.Release|Mixed Platforms.Build.0 = Release|Any CPU
		{9A891671-4FC7-4DDF-A21D-21E3D563CEE6}.Release|x86.ActiveCfg = Release|Any CPU
		{05DAC84F-258E-41FC-B490-0FCCD4AB15B5}.Debug|Any CPU.ActiveCfg = Debug|Any CPU
		{05DAC84F-258E-41FC-B490-0FCCD4AB15B5}.Debug|Any CPU.Build.0 = Debug|Any CPU
		{05DAC84F-258E-41FC-B490-0FCCD4AB15B5}.Debug|Mixed Platforms.ActiveCfg = Debug|Any CPU
		{05DAC84F-258E-41FC-B490-0FCCD4AB15B5}.Debug|Mixed Platforms.Build.0 = Debug|Any CPU
		{05DAC84F-258E-41FC-B490-0FCCD4AB15B5}.Debug|x86.ActiveCfg = Debug|Any CPU
		{05DAC84F-258E-41FC-B490-0FCCD4AB15B5}.Release|Any CPU.ActiveCfg = Release|Any CPU
		{05DAC84F-258E-41FC-B490-0FCCD4AB15B5}.Release|Any CPU.Build.0 = Release|Any CPU
		{05DAC84F-258E-41FC-B490-0FCCD4AB15B5}.Release|Mixed Platforms.ActiveCfg = Release|Any CPU
		{05DAC84F-258E-41FC-B490-0FCCD4AB15B5}.Release|Mixed Platforms.Build.0 = Release|Any CPU
		{05DAC84F-258E-41FC-B490-0FCCD4AB15B5}.Release|x86.ActiveCfg = Release|Any CPU
		{B94796B3-CEDB-4083-95AD-E94EC30D15D5}.Debug|Any CPU.ActiveCfg = Debug|Any CPU
		{B94796B3-CEDB-4083-95AD-E94EC30D15D5}.Debug|Any CPU.Build.0 = Debug|Any CPU
		{B94796B3-CEDB-4083-95AD-E94EC30D15D5}.Debug|Mixed Platforms.ActiveCfg = Debug|Any CPU
		{B94796B3-CEDB-4083-95AD-E94EC30D15D5}.Debug|Mixed Platforms.Build.0 = Debug|Any CPU
		{B94796B3-CEDB-4083-95AD-E94EC30D15D5}.Debug|x86.ActiveCfg = Debug|Any CPU
		{B94796B3-CEDB-4083-95AD-E94EC30D15D5}.Release|Any CPU.ActiveCfg = Release|Any CPU
		{B94796B3-CEDB-4083-95AD-E94EC30D15D5}.Release|Any CPU.Build.0 = Release|Any CPU
		{B94796B3-CEDB-4083-95AD-E94EC30D15D5}.Release|Mixed Platforms.ActiveCfg = Release|Any CPU
		{B94796B3-CEDB-4083-95AD-E94EC30D15D5}.Release|Mixed Platforms.Build.0 = Release|Any CPU
		{B94796B3-CEDB-4083-95AD-E94EC30D15D5}.Release|x86.ActiveCfg = Release|Any CPU
		{4402F638-61C0-4C03-961A-3A6D18C8F6D5}.Debug|Any CPU.ActiveCfg = Debug|Any CPU
		{4402F638-61C0-4C03-961A-3A6D18C8F6D5}.Debug|Any CPU.Build.0 = Debug|Any CPU
		{4402F638-61C0-4C03-961A-3A6D18C8F6D5}.Debug|Mixed Platforms.ActiveCfg = Debug|Any CPU
		{4402F638-61C0-4C03-961A-3A6D18C8F6D5}.Debug|Mixed Platforms.Build.0 = Debug|Any CPU
		{4402F638-61C0-4C03-961A-3A6D18C8F6D5}.Debug|x86.ActiveCfg = Debug|Any CPU
		{4402F638-61C0-4C03-961A-3A6D18C8F6D5}.Release|Any CPU.ActiveCfg = Release|Any CPU
		{4402F638-61C0-4C03-961A-3A6D18C8F6D5}.Release|Any CPU.Build.0 = Release|Any CPU
		{4402F638-61C0-4C03-961A-3A6D18C8F6D5}.Release|Mixed Platforms.ActiveCfg = Release|Any CPU
		{4402F638-61C0-4C03-961A-3A6D18C8F6D5}.Release|Mixed Platforms.Build.0 = Release|Any CPU
		{4402F638-61C0-4C03-961A-3A6D18C8F6D5}.Release|x86.ActiveCfg = Release|Any CPU
		{8CA51909-C65D-4042-9E3E-69821B495B3E}.Debug|Any CPU.ActiveCfg = Debug|Any CPU
		{8CA51909-C65D-4042-9E3E-69821B495B3E}.Debug|Any CPU.Build.0 = Debug|Any CPU
		{8CA51909-C65D-4042-9E3E-69821B495B3E}.Debug|Mixed Platforms.ActiveCfg = Debug|Any CPU
		{8CA51909-C65D-4042-9E3E-69821B495B3E}.Debug|Mixed Platforms.Build.0 = Debug|Any CPU
		{8CA51909-C65D-4042-9E3E-69821B495B3E}.Debug|x86.ActiveCfg = Debug|Any CPU
		{8CA51909-C65D-4042-9E3E-69821B495B3E}.Release|Any CPU.ActiveCfg = Release|Any CPU
		{8CA51909-C65D-4042-9E3E-69821B495B3E}.Release|Any CPU.Build.0 = Release|Any CPU
		{8CA51909-C65D-4042-9E3E-69821B495B3E}.Release|Mixed Platforms.ActiveCfg = Release|Any CPU
		{8CA51909-C65D-4042-9E3E-69821B495B3E}.Release|Mixed Platforms.Build.0 = Release|Any CPU
		{8CA51909-C65D-4042-9E3E-69821B495B3E}.Release|x86.ActiveCfg = Release|Any CPU
		{BB2DD79D-898B-420D-91FE-FAA25F025B75}.Debug|Any CPU.ActiveCfg = Debug|Any CPU
		{BB2DD79D-898B-420D-91FE-FAA25F025B75}.Debug|Any CPU.Build.0 = Debug|Any CPU
		{BB2DD79D-898B-420D-91FE-FAA25F025B75}.Debug|Mixed Platforms.ActiveCfg = Debug|Any CPU
		{BB2DD79D-898B-420D-91FE-FAA25F025B75}.Debug|Mixed Platforms.Build.0 = Debug|Any CPU
		{BB2DD79D-898B-420D-91FE-FAA25F025B75}.Debug|x86.ActiveCfg = Debug|Any CPU
		{BB2DD79D-898B-420D-91FE-FAA25F025B75}.Release|Any CPU.ActiveCfg = Release|Any CPU
		{BB2DD79D-898B-420D-91FE-FAA25F025B75}.Release|Any CPU.Build.0 = Release|Any CPU
		{BB2DD79D-898B-420D-91FE-FAA25F025B75}.Release|Mixed Platforms.ActiveCfg = Release|Any CPU
		{BB2DD79D-898B-420D-91FE-FAA25F025B75}.Release|Mixed Platforms.Build.0 = Release|Any CPU
		{BB2DD79D-898B-420D-91FE-FAA25F025B75}.Release|x86.ActiveCfg = Release|Any CPU
		{11B60B33-8897-4D7B-A5A0-CB58E9152CCC}.Debug|Any CPU.ActiveCfg = Debug|Any CPU
		{11B60B33-8897-4D7B-A5A0-CB58E9152CCC}.Debug|Any CPU.Build.0 = Debug|Any CPU
		{11B60B33-8897-4D7B-A5A0-CB58E9152CCC}.Debug|Mixed Platforms.ActiveCfg = Debug|Any CPU
		{11B60B33-8897-4D7B-A5A0-CB58E9152CCC}.Debug|Mixed Platforms.Build.0 = Debug|Any CPU
		{11B60B33-8897-4D7B-A5A0-CB58E9152CCC}.Debug|x86.ActiveCfg = Debug|Any CPU
		{11B60B33-8897-4D7B-A5A0-CB58E9152CCC}.Release|Any CPU.ActiveCfg = Release|Any CPU
		{11B60B33-8897-4D7B-A5A0-CB58E9152CCC}.Release|Any CPU.Build.0 = Release|Any CPU
		{11B60B33-8897-4D7B-A5A0-CB58E9152CCC}.Release|Mixed Platforms.ActiveCfg = Release|Any CPU
		{11B60B33-8897-4D7B-A5A0-CB58E9152CCC}.Release|Mixed Platforms.Build.0 = Release|Any CPU
		{11B60B33-8897-4D7B-A5A0-CB58E9152CCC}.Release|x86.ActiveCfg = Release|Any CPU
		{455C5379-E92C-42FE-B1BD-85DA567BD44E}.Debug|Any CPU.ActiveCfg = Debug|Any CPU
		{455C5379-E92C-42FE-B1BD-85DA567BD44E}.Debug|Any CPU.Build.0 = Debug|Any CPU
		{455C5379-E92C-42FE-B1BD-85DA567BD44E}.Debug|Mixed Platforms.ActiveCfg = Debug|Any CPU
		{455C5379-E92C-42FE-B1BD-85DA567BD44E}.Debug|Mixed Platforms.Build.0 = Debug|Any CPU
		{455C5379-E92C-42FE-B1BD-85DA567BD44E}.Debug|x86.ActiveCfg = Debug|Any CPU
		{455C5379-E92C-42FE-B1BD-85DA567BD44E}.Release|Any CPU.ActiveCfg = Release|Any CPU
		{455C5379-E92C-42FE-B1BD-85DA567BD44E}.Release|Any CPU.Build.0 = Release|Any CPU
		{455C5379-E92C-42FE-B1BD-85DA567BD44E}.Release|Mixed Platforms.ActiveCfg = Release|Any CPU
		{455C5379-E92C-42FE-B1BD-85DA567BD44E}.Release|Mixed Platforms.Build.0 = Release|Any CPU
		{455C5379-E92C-42FE-B1BD-85DA567BD44E}.Release|x86.ActiveCfg = Release|Any CPU
	EndGlobalSection
	GlobalSection(SolutionProperties) = preSolution
		HideSolutionNode = FALSE
	EndGlobalSection
	GlobalSection(TestCaseManagementSettings) = postSolution
		CategoryFile = 禾伸堂人事薪資系統1.vsmdi
	EndGlobalSection
EndGlobal
