
Microsoft Visual Studio Solution File, Format Version 12.00
# Visual Studio 2013
VisualStudioVersion = 12.0.40629.0
MinimumVisualStudioVersion = 10.0.40219.1
Project("{FAE04EC0-301F-11D3-BF4B-00C04F79EFBC}") = "SalaryWeb", "SalaryWeb.csproj", "{934772E1-75EF-4868-AA1D-0D6F4ED52C00}"
EndProject
Project("{FAE04EC0-301F-11D3-BF4B-00C04F79EFBC}") = "JBModule.Data", "..\..\元件\JBMODULE.DATA\JBModule.Data.Linq\JBModule.Data.csproj", "{05DAC84F-258E-41FC-B490-0FCCD4AB15B5}"
EndProject
Global
	GlobalSection(SolutionConfigurationPlatforms) = preSolution
		Debug|Any CPU = Debug|Any CPU
		Release|Any CPU = Release|Any CPU
	EndGlobalSection
	GlobalSection(ProjectConfigurationPlatforms) = postSolution
		{934772E1-75EF-4868-AA1D-0D6F4ED52C00}.Debug|Any CPU.ActiveCfg = Debug|Any CPU
		{934772E1-75EF-4868-AA1D-0D6F4ED52C00}.Debug|Any CPU.Build.0 = Debug|Any CPU
		{934772E1-75EF-4868-AA1D-0D6F4ED52C00}.Release|Any CPU.ActiveCfg = Release|Any CPU
		{934772E1-75EF-4868-AA1D-0D6F4ED52C00}.Release|Any CPU.Build.0 = Release|Any CPU
		{05DAC84F-258E-41FC-B490-0FCCD4AB15B5}.Debug|Any CPU.ActiveCfg = Debug|Any CPU
		{05DAC84F-258E-41FC-B490-0FCCD4AB15B5}.Debug|Any CPU.Build.0 = Debug|Any CPU
		{05DAC84F-258E-41FC-B490-0FCCD4AB15B5}.Release|Any CPU.ActiveCfg = Release|Any CPU
		{05DAC84F-258E-41FC-B490-0FCCD4AB15B5}.Release|Any CPU.Build.0 = Release|Any CPU
	EndGlobalSection
	GlobalSection(SolutionProperties) = preSolution
		HideSolutionNode = FALSE
	EndGlobalSection
EndGlobal
