
Microsoft Visual Studio Solution File, Format Version 12.00
# Visual Studio Version 16
VisualStudioVersion = 16.0.29911.84
MinimumVisualStudioVersion = 10.0.40219.1
Project("{FAE04EC0-301F-11D3-BF4B-00C04F79EFBC}") = "LaborEventLawCheck", "LaborEventLaw\LaborEventLawCheck.csproj", "{F361786B-6000-4555-B38B-A59D9D837022}"
EndProject
Project("{FAE04EC0-301F-11D3-BF4B-00C04F79EFBC}") = "JBTools", "..\..\..\..\Standard\JBTools\JBTools.csproj", "{9A891671-4FC7-4DDF-A21D-21E3D563CEE6}"
EndProject
Project("{FAE04EC0-301F-11D3-BF4B-00C04F79EFBC}") = "JBHRIS.BLL", "..\..\..\..\Standard\JBHRIS\JBHRIS.BLL\JBHRIS.BLL\JBHRIS.BLL.csproj", "{18B233B7-6C64-4257-B2B3-945606E97187}"
EndProject
Global
	GlobalSection(SolutionConfigurationPlatforms) = preSolution
		Debug|Any CPU = Debug|Any CPU
		Release|Any CPU = Release|Any CPU
	EndGlobalSection
	GlobalSection(ProjectConfigurationPlatforms) = postSolution
		{F361786B-6000-4555-B38B-A59D9D837022}.Debug|Any CPU.ActiveCfg = Debug|Any CPU
		{F361786B-6000-4555-B38B-A59D9D837022}.Debug|Any CPU.Build.0 = Debug|Any CPU
		{F361786B-6000-4555-B38B-A59D9D837022}.Release|Any CPU.ActiveCfg = Release|Any CPU
		{F361786B-6000-4555-B38B-A59D9D837022}.Release|Any CPU.Build.0 = Release|Any CPU
		{9A891671-4FC7-4DDF-A21D-21E3D563CEE6}.Debug|Any CPU.ActiveCfg = Debug|Any CPU
		{9A891671-4FC7-4DDF-A21D-21E3D563CEE6}.Debug|Any CPU.Build.0 = Debug|Any CPU
		{9A891671-4FC7-4DDF-A21D-21E3D563CEE6}.Release|Any CPU.ActiveCfg = Release|Any CPU
		{9A891671-4FC7-4DDF-A21D-21E3D563CEE6}.Release|Any CPU.Build.0 = Release|Any CPU
		{18B233B7-6C64-4257-B2B3-945606E97187}.Debug|Any CPU.ActiveCfg = Debug|Any CPU
		{18B233B7-6C64-4257-B2B3-945606E97187}.Debug|Any CPU.Build.0 = Debug|Any CPU
		{18B233B7-6C64-4257-B2B3-945606E97187}.Release|Any CPU.ActiveCfg = Release|Any CPU
		{18B233B7-6C64-4257-B2B3-945606E97187}.Release|Any CPU.Build.0 = Release|Any CPU
	EndGlobalSection
	GlobalSection(SolutionProperties) = preSolution
		HideSolutionNode = FALSE
	EndGlobalSection
	GlobalSection(ExtensibilityGlobals) = postSolution
		SolutionGuid = {81AEDC54-4C86-4B1B-B9D3-D154DD4B2906}
	EndGlobalSection
EndGlobal
