
Microsoft Visual Studio Solution File, Format Version 10.00
# Visual Studio 2008
Project("{FAE04EC0-301F-11D3-BF4B-00C04F79EFBC}") = "ezSendMail", "ezSendMail\ezSendMail.csproj", "{239E2207-3C7E-4354-8B32-BF48AA4AE778}"
EndProject
Project("{FAE04EC0-301F-11D3-BF4B-00C04F79EFBC}") = "JBModule.Message", "JBModule.Message\JBModule.Message.csproj", "{B94796B3-CEDB-4083-95AD-E94EC30D15D5}"
EndProject
Global
	GlobalSection(SolutionConfigurationPlatforms) = preSolution
		Debug|Any CPU = Debug|Any CPU
		Release|Any CPU = Release|Any CPU
	EndGlobalSection
	GlobalSection(ProjectConfigurationPlatforms) = postSolution
		{239E2207-3C7E-4354-8B32-BF48AA4AE778}.Debug|Any CPU.ActiveCfg = Debug|Any CPU
		{239E2207-3C7E-4354-8B32-BF48AA4AE778}.Debug|Any CPU.Build.0 = Debug|Any CPU
		{239E2207-3C7E-4354-8B32-BF48AA4AE778}.Release|Any CPU.ActiveCfg = Release|Any CPU
		{239E2207-3C7E-4354-8B32-BF48AA4AE778}.Release|Any CPU.Build.0 = Release|Any CPU
		{B94796B3-CEDB-4083-95AD-E94EC30D15D5}.Debug|Any CPU.ActiveCfg = Debug|Any CPU
		{B94796B3-CEDB-4083-95AD-E94EC30D15D5}.Debug|Any CPU.Build.0 = Debug|Any CPU
		{B94796B3-CEDB-4083-95AD-E94EC30D15D5}.Release|Any CPU.ActiveCfg = Release|Any CPU
		{B94796B3-CEDB-4083-95AD-E94EC30D15D5}.Release|Any CPU.Build.0 = Release|Any CPU
	EndGlobalSection
	GlobalSection(SolutionProperties) = preSolution
		HideSolutionNode = FALSE
	EndGlobalSection
EndGlobal
