
Microsoft Visual Studio Solution File, Format Version 12.00
# Visual Studio Version 16
VisualStudioVersion = 16.0.29424.173
MinimumVisualStudioVersion = 10.0.40219.1
Project("{FAE04EC0-301F-11D3-BF4B-00C04F79EFBC}") = "NotifySchedule", "NotifySchedule\NotifySchedule.csproj", "{A2BD5150-FEC3-4C3B-A80D-B4BFD08BFE06}"
EndProject
Project("{FAE04EC0-301F-11D3-BF4B-00C04F79EFBC}") = "JBHR.BLL", "..\..\..\..\Standard\JBHR.BLL\Nylok-JBHR.BLL-Branch\JBHR.BLL.csproj", "{455C5379-E92C-42FE-B1BD-85DA567BD44E}"
EndProject
Project("{FAE04EC0-301F-11D3-BF4B-00C04F79EFBC}") = "JBModule.Data", "..\..\元件\JBMODULE.DATA\JBModule.Data.Linq\JBModule.Data.csproj", "{05DAC84F-258E-41FC-B490-0FCCD4AB15B5}"
EndProject
Project("{FAE04EC0-301F-11D3-BF4B-00C04F79EFBC}") = "JBModule.Message", "..\..\..\..\Standard\JBMODULE.MESSAGE\JBModule.Message.csproj", "{B94796B3-CEDB-4083-95AD-E94EC30D15D5}"
EndProject
Global
	GlobalSection(SolutionConfigurationPlatforms) = preSolution
		Debug|Any CPU = Debug|Any CPU
		Debug|Mixed Platforms = Debug|Mixed Platforms
		Debug|x86 = Debug|x86
		Release|Any CPU = Release|Any CPU
		Release|Mixed Platforms = Release|Mixed Platforms
		Release|x86 = Release|x86
	EndGlobalSection
	GlobalSection(ProjectConfigurationPlatforms) = postSolution
		{A2BD5150-FEC3-4C3B-A80D-B4BFD08BFE06}.Debug|Any CPU.ActiveCfg = Debug|x86
		{A2BD5150-FEC3-4C3B-A80D-B4BFD08BFE06}.Debug|Mixed Platforms.ActiveCfg = Debug|x86
		{A2BD5150-FEC3-4C3B-A80D-B4BFD08BFE06}.Debug|Mixed Platforms.Build.0 = Debug|x86
		{A2BD5150-FEC3-4C3B-A80D-B4BFD08BFE06}.Debug|x86.ActiveCfg = Debug|x86
		{A2BD5150-FEC3-4C3B-A80D-B4BFD08BFE06}.Debug|x86.Build.0 = Debug|x86
		{A2BD5150-FEC3-4C3B-A80D-B4BFD08BFE06}.Release|Any CPU.ActiveCfg = Release|x86
		{A2BD5150-FEC3-4C3B-A80D-B4BFD08BFE06}.Release|Mixed Platforms.ActiveCfg = Release|x86
		{A2BD5150-FEC3-4C3B-A80D-B4BFD08BFE06}.Release|Mixed Platforms.Build.0 = Release|x86
		{A2BD5150-FEC3-4C3B-A80D-B4BFD08BFE06}.Release|x86.ActiveCfg = Release|x86
		{A2BD5150-FEC3-4C3B-A80D-B4BFD08BFE06}.Release|x86.Build.0 = Release|x86
		{455C5379-E92C-42FE-B1BD-85DA567BD44E}.Debug|Any CPU.ActiveCfg = Debug|Any CPU
		{455C5379-E92C-42FE-B1BD-85DA567BD44E}.Debug|Any CPU.Build.0 = Debug|Any CPU
		{455C5379-E92C-42FE-B1BD-85DA567BD44E}.Debug|Mixed Platforms.ActiveCfg = Debug|Any CPU
		{455C5379-E92C-42FE-B1BD-85DA567BD44E}.Debug|Mixed Platforms.Build.0 = Debug|Any CPU
		{455C5379-E92C-42FE-B1BD-85DA567BD44E}.Debug|x86.ActiveCfg = Debug|Any CPU
		{455C5379-E92C-42FE-B1BD-85DA567BD44E}.Release|Any CPU.ActiveCfg = Release|Any CPU
		{455C5379-E92C-42FE-B1BD-85DA567BD44E}.Release|Any CPU.Build.0 = Release|Any CPU
		{455C5379-E92C-42FE-B1BD-85DA567BD44E}.Release|Mixed Platforms.ActiveCfg = Release|Any CPU
		{455C5379-E92C-42FE-B1BD-85DA567BD44E}.Release|Mixed Platforms.Build.0 = Release|Any CPU
		{455C5379-E92C-42FE-B1BD-85DA567BD44E}.Release|x86.ActiveCfg = Release|Any CPU
		{05DAC84F-258E-41FC-B490-0FCCD4AB15B5}.Debug|Any CPU.ActiveCfg = Debug|Any CPU
		{05DAC84F-258E-41FC-B490-0FCCD4AB15B5}.Debug|Any CPU.Build.0 = Debug|Any CPU
		{05DAC84F-258E-41FC-B490-0FCCD4AB15B5}.Debug|Mixed Platforms.ActiveCfg = Debug|Any CPU
		{05DAC84F-258E-41FC-B490-0FCCD4AB15B5}.Debug|Mixed Platforms.Build.0 = Debug|Any CPU
		{05DAC84F-258E-41FC-B490-0FCCD4AB15B5}.Debug|x86.ActiveCfg = Debug|Any CPU
		{05DAC84F-258E-41FC-B490-0FCCD4AB15B5}.Release|Any CPU.ActiveCfg = Release|Any CPU
		{05DAC84F-258E-41FC-B490-0FCCD4AB15B5}.Release|Any CPU.Build.0 = Release|Any CPU
		{05DAC84F-258E-41FC-B490-0FCCD4AB15B5}.Release|Mixed Platforms.ActiveCfg = Release|Any CPU
		{05DAC84F-258E-41FC-B490-0FCCD4AB15B5}.Release|Mixed Platforms.Build.0 = Release|Any CPU
		{05DAC84F-258E-41FC-B490-0FCCD4AB15B5}.Release|x86.ActiveCfg = Release|Any CPU
		{B94796B3-CEDB-4083-95AD-E94EC30D15D5}.Debug|Any CPU.ActiveCfg = Debug|Any CPU
		{B94796B3-CEDB-4083-95AD-E94EC30D15D5}.Debug|Any CPU.Build.0 = Debug|Any CPU
		{B94796B3-CEDB-4083-95AD-E94EC30D15D5}.Debug|Mixed Platforms.ActiveCfg = Debug|Any CPU
		{B94796B3-CEDB-4083-95AD-E94EC30D15D5}.Debug|Mixed Platforms.Build.0 = Debug|Any CPU
		{B94796B3-CEDB-4083-95AD-E94EC30D15D5}.Debug|x86.ActiveCfg = Debug|Any CPU
		{B94796B3-CEDB-4083-95AD-E94EC30D15D5}.Release|Any CPU.ActiveCfg = Release|Any CPU
		{B94796B3-CEDB-4083-95AD-E94EC30D15D5}.Release|Any CPU.Build.0 = Release|Any CPU
		{B94796B3-CEDB-4083-95AD-E94EC30D15D5}.Release|Mixed Platforms.ActiveCfg = Release|Any CPU
		{B94796B3-CEDB-4083-95AD-E94EC30D15D5}.Release|Mixed Platforms.Build.0 = Release|Any CPU
		{B94796B3-CEDB-4083-95AD-E94EC30D15D5}.Release|x86.ActiveCfg = Release|Any CPU
	EndGlobalSection
	GlobalSection(SolutionProperties) = preSolution
		HideSolutionNode = FALSE
	EndGlobalSection
	GlobalSection(ExtensibilityGlobals) = postSolution
		SolutionGuid = {3EA7F6E5-6F67-41D2-96BE-C7EDF6FD7931}
	EndGlobalSection
	GlobalSection(SubversionScc) = preSolution
		Svn-Managed = True
		Manager = AnkhSVN - Subversion Support for Visual Studio
	EndGlobalSection
EndGlobal
